github.com/davecgh/go-spew v1.1.1 h1:vj9j/u1bqnvCEfJOwUhtlOARqs3+rkHYY13jYWTU97c=
github.com/davecgh/go-spew v1.1.1/go.mod h1:J7Y8YcW2NihsgmVo/mv3lAwl/skON4iLHjSsI+c5H38=
github.com/gorilla/websocket v1.5.3 h1:saDtZ6Pbx/0u+bgYQ3q96pZgCzfhKXGPqt7kZ72aNNg=
github.com/gorilla/websocket v1.5.3/go.mod h1:YR8l580nyteQvAITg2hZ9XVh4b55+EU/adAjf1fMHhE=
github.com/pauljubcse/consistent_hashing v0.0.0-20240726190238-3c994e997050 h1:fhKw7ODR5C2Vx8WqIvo2zBRaqPXsO6p9I1+76Z0TKOk=
github.com/pauljubcse/consistent_hashing v0.0.0-20240726190238-3c994e997050/go.mod h1:bfWXub2xRkJzPsR38ec9sKTSqhKaJUKXlUqWWDslY4s=
github.com/pauljubcse/in_memory_cache v0.0.0-20250329221806-9b32728a347c h1:JSoV59IZWZlEigjRSB/2nRFD5dgvhK2deWuvONOkm4s=
github.com/pauljubcse/in_memory_cache v0.0.0-20250329221806-9b32728a347c/go.mod h1:nsBfp9buTTY1/wM6HRzB2Ra+kcy8mwx4vrNbtsfDN+k=
github.com/pauljubcse/kvs v0.0.0-20240725204428-0d6ef3d8ffea h1:itjA6nU5JTvCQniKgH+IOr3fnEyiiEkHl45lEJ0h6mE=
github.com/pauljubcse/kvs v0.0.0-20240725204428-0d6ef3d8ffea/go.mod h1:CNgpJGw3Ppfo3QMgQak8truRF05ZgNgzO4tJ4eeVjrE=
github.com/pauljubcse/kvsclient v0.0.0-20240725211152-02c81c7a2729 h1:j9dPhXR6KMViq9QbPm0wpFgyY1AMz3auZxNQPvCeLh0=
github.com/pauljubcse/kvsclient v0.0.0-20240725211152-02c81c7a2729/go.mod h1:OMcZthQPK8isorsrfm086A7nX9OAQkJArma0lEgAoDk=
github.com/pauljubcse/ratelimiter v0.0.0-20250330121336-486ef263a78d h1:qy9RBBfVHQKA+sjMDikY8Hf/ERZSBDOneYLzrnnVRuw=
github.com/pauljubcse/ratelimiter v0.0.0-20250330121336-486ef263a78d/go.mod h1:wRnF96JWrpV6aGIa7ZruDss7OHNxJQltqbRbO1tYA4w=
github.com/pmezard/go-difflib v1.0.0 h1:4DBwDE0NGyQoBHbLQYPwSUPoCMWR5BEzIk/f1lZbAQM=
github.com/pmezard/go-difflib v1.0.0/go.mod h1:iKH77koFhYxTK1pcRnkKkqfTogsbg7gZNVY4sRDYZ/4=
github.com/stretchr/testify v1.9.0 h1:HtqpIVDClZ4nwg75+f6Lvsy/wHu+3BoSGCbBAcpTsTg=
github.com/stretchr/testify v1.9.0/go.mod h1:r2ic/lqez/lEtzL7wO/rwa5dbSLXVDPFyf8C91i36aY=
gopkg.in/yaml.v3 v3.0.1 h1:fxVm/GzAzEWqLHuvctI91KS9hhNmmWOoWu0XTYJS7CA=
gopkg.in/yaml.v3 v3.0.1/go.mod h1:K4uyk7z7BCEPqu6E+C64Yfv1cQ7kz7rIZviUmN+EgEM=
